
Microsoft Visual Studio Solution File, Format Version 12.00
# Visual Studio Version 16
VisualStudioVersion = 16.0.28902.138
MinimumVisualStudioVersion = 10.0.40219.1
Project("{FAE04EC0-301F-11D3-BF4B-00C04F79EFBC}") = "WindowsFormsApp2", "WindowsFormsApp2\WindowsFormsApp2.csproj", "{1606BC31-5637-44BB-90EE-AEA6B728534A}"
EndProject
Project("{FAE04EC0-301F-11D3-BF4B-00C04F79EFBC}") = "WpfApp2", "..\WpfApp2\WpfApp2\WpfApp2.csproj", "{C9EDB10E-FC95-4EE1-841F-BF3DDCDAB8A6}"
EndProject
Global
	GlobalSection(SolutionConfigurationPlatforms) = preSolution
		Debug|Any CPU = Debug|Any CPU
		Release|Any CPU = Release|Any CPU
	EndGlobalSection
	GlobalSection(ProjectConfigurationPlatforms) = postSolution
		{1606BC31-5637-44BB-90EE-AEA6B728534A}.Debug|Any CPU.ActiveCfg = Debug|Any CPU
		{1606BC31-5637-44BB-90EE-AEA6B728534A}.Debug|Any CPU.Build.0 = Debug|Any CPU
		{1606BC31-5637-44BB-90EE-AEA6B728534A}.Release|Any CPU.ActiveCfg = Release|Any CPU
		{1606BC31-5637-44BB-90EE-AEA6B728534A}.Release|Any CPU.Build.0 = Release|Any CPU
		{C9EDB10E-FC95-4EE1-841F-BF3DDCDAB8A6}.Debug|Any CPU.ActiveCfg = Debug|Any CPU
		{C9EDB10E-FC95-4EE1-841F-BF3DDCDAB8A6}.Debug|Any CPU.Build.0 = Debug|Any CPU
		{C9EDB10E-FC95-4EE1-841F-BF3DDCDAB8A6}.Release|Any CPU.ActiveCfg = Release|Any CPU
		{C9EDB10E-FC95-4EE1-841F-BF3DDCDAB8A6}.Release|Any CPU.Build.0 = Release|Any CPU
	EndGlobalSection
	GlobalSection(SolutionProperties) = preSolution
		HideSolutionNode = FALSE
	EndGlobalSection
	GlobalSection(ExtensibilityGlobals) = postSolution
		SolutionGuid = {E0CD05CA-39BE-4399-9C2E-9BFE34CF9FE3}
	EndGlobalSection
EndGlobal
